
Microsoft Visual Studio Solution File, Format Version 12.00
# Visual Studio Version 17
VisualStudioVersion = 17.7.34009.444
MinimumVisualStudioVersion = 10.0.40219.1
Project("{9A19103F-16F7-4668-BE54-9A1E7A4F7556}") = "ImageFanReloaded-Avalonia", "ImageFanReloaded-Avalonia\ImageFanReloaded-Avalonia.csproj", "{9847996D-3C8E-4408-B2C0-FC4749F4BAD4}"
EndProject
Project("{FAE04EC0-301F-11D3-BF4B-00C04F79EFBC}") = "ImageFanReloaded-WPF", "ImageFanReloaded-WPF\ImageFanReloaded-WPF.csproj", "{3BA2DC2E-9217-4FBD-8696-3FA5F7270278}"
EndProject
Project("{FAE04EC0-301F-11D3-BF4B-00C04F79EFBC}") = "ImageFanReloaded-Avalonia.Tests", "ImageFanReloaded-Avalonia.Tests\ImageFanReloaded-Avalonia.Tests.csproj", "{50057196-8925-43C5-B217-E101B962A49C}"
EndProject
Global
	GlobalSection(SolutionConfigurationPlatforms) = preSolution
		Debug|Any CPU = Debug|Any CPU
		Release|Any CPU = Release|Any CPU
	EndGlobalSection
	GlobalSection(ProjectConfigurationPlatforms) = postSolution
		{9847996D-3C8E-4408-B2C0-FC4749F4BAD4}.Debug|Any CPU.ActiveCfg = Debug|Any CPU
		{9847996D-3C8E-4408-B2C0-FC4749F4BAD4}.Debug|Any CPU.Build.0 = Debug|Any CPU
		{9847996D-3C8E-4408-B2C0-FC4749F4BAD4}.Release|Any CPU.ActiveCfg = Release|Any CPU
		{9847996D-3C8E-4408-B2C0-FC4749F4BAD4}.Release|Any CPU.Build.0 = Release|Any CPU
		{3BA2DC2E-9217-4FBD-8696-3FA5F7270278}.Debug|Any CPU.ActiveCfg = Debug|Any CPU
		{3BA2DC2E-9217-4FBD-8696-3FA5F7270278}.Debug|Any CPU.Build.0 = Debug|Any CPU
		{3BA2DC2E-9217-4FBD-8696-3FA5F7270278}.Release|Any CPU.ActiveCfg = Release|Any CPU
		{3BA2DC2E-9217-4FBD-8696-3FA5F7270278}.Release|Any CPU.Build.0 = Release|Any CPU
		{50057196-8925-43C5-B217-E101B962A49C}.Debug|Any CPU.ActiveCfg = Debug|Any CPU
		{50057196-8925-43C5-B217-E101B962A49C}.Debug|Any CPU.Build.0 = Debug|Any CPU
		{50057196-8925-43C5-B217-E101B962A49C}.Release|Any CPU.ActiveCfg = Release|Any CPU
		{50057196-8925-43C5-B217-E101B962A49C}.Release|Any CPU.Build.0 = Release|Any CPU
	EndGlobalSection
	GlobalSection(SolutionProperties) = preSolution
		HideSolutionNode = FALSE
	EndGlobalSection
	GlobalSection(ExtensibilityGlobals) = postSolution
		SolutionGuid = {73C31931-E5EB-49E1-AEA6-5A61A6B8C708}
	EndGlobalSection
EndGlobal
