
Microsoft Visual Studio Solution File, Format Version 12.00
# Visual Studio Version 17
VisualStudioVersion = 17.6.33815.320
MinimumVisualStudioVersion = 10.0.40219.1
Project("{FAE04EC0-301F-11D3-BF4B-00C04F79EFBC}") = "ImageFanReloaded-WPF", "ImageFanReloaded-WPF\ImageFanReloaded-WPF.csproj", "{3BA2DC2E-9217-4FBD-8696-3FA5F7270278}"
EndProject
Global
	GlobalSection(SolutionConfigurationPlatforms) = preSolution
		Debug|Any CPU = Debug|Any CPU
		Release|Any CPU = Release|Any CPU
	EndGlobalSection
	GlobalSection(ProjectConfigurationPlatforms) = postSolution
		{3BA2DC2E-9217-4FBD-8696-3FA5F7270278}.Debug|Any CPU.ActiveCfg = Debug|Any CPU
		{3BA2DC2E-9217-4FBD-8696-3FA5F7270278}.Debug|Any CPU.Build.0 = Debug|Any CPU
		{3BA2DC2E-9217-4FBD-8696-3FA5F7270278}.Release|Any CPU.ActiveCfg = Release|Any CPU
		{3BA2DC2E-9217-4FBD-8696-3FA5F7270278}.Release|Any CPU.Build.0 = Release|Any CPU
	EndGlobalSection
	GlobalSection(SolutionProperties) = preSolution
		HideSolutionNode = FALSE
	EndGlobalSection
	GlobalSection(ExtensibilityGlobals) = postSolution
		SolutionGuid = {ACE3918B-0083-4A0F-A71E-42DA089A8554}
	EndGlobalSection
EndGlobal
